{
  "requires": true,
  "lockfileVersion": 1,
  "dependencies": {
    "node-extend": {
      "version": "0.2.0",
      "resolved": "https://registry.npmjs.org/node-extend/-/node-extend-0.2.0.tgz",
      "integrity": "sha1-o9VoKpgVnMsujrimVieiCezxvPw="
    },
    "package": {
      "version": "1.0.1",
      "resolved": "https://registry.npmjs.org/package/-/package-1.0.1.tgz",
      "integrity": "sha1-0lofmeJQbcsn1nBLg9yooxLk7cw="
    }
  }
}
